
Microsoft Visual Studio Solution File, Format Version 12.00
# Visual Studio Version 17
VisualStudioVersion = 17.14.36915.13 d17.14
MinimumVisualStudioVersion = 10.0.40219.1
Project("{FAE04EC0-301F-11D3-BF4B-00C04F79EFBC}") = "Selection_Sort", "Selection_Sort.csproj", "{937C43E5-D455-4EBC-B31E-5B598852CBF1}"
EndProject
Global
	GlobalSection(SolutionConfigurationPlatforms) = preSolution
		Debug|Any CPU = Debug|Any CPU
		Release|Any CPU = Release|Any CPU
	EndGlobalSection
	GlobalSection(ProjectConfigurationPlatforms) = postSolution
		{937C43E5-D455-4EBC-B31E-5B598852CBF1}.Debug|Any CPU.ActiveCfg = Debug|Any CPU
		{937C43E5-D455-4EBC-B31E-5B598852CBF1}.Debug|Any CPU.Build.0 = Debug|Any CPU
		{937C43E5-D455-4EBC-B31E-5B598852CBF1}.Release|Any CPU.ActiveCfg = Release|Any CPU
		{937C43E5-D455-4EBC-B31E-5B598852CBF1}.Release|Any CPU.Build.0 = Release|Any CPU
	EndGlobalSection
	GlobalSection(SolutionProperties) = preSolution
		HideSolutionNode = FALSE
	EndGlobalSection
	GlobalSection(ExtensibilityGlobals) = postSolution
		SolutionGuid = {B8692D78-1FC0-41D2-B42A-D413F127B588}
	EndGlobalSection
EndGlobal
